
Microsoft Visual Studio Solution File, Format Version 12.00
# Visual Studio Version 16
VisualStudioVersion = 16.0.30114.105
MinimumVisualStudioVersion = 10.0.40219.1
Project("{FAE04EC0-301F-11D3-BF4B-00C04F79EFBC}") = "rfbr-downloader", "rfbr-downloader\rfbr-downloader.csproj", "{9F4F83D0-C8DF-4DEC-A84F-563F5B6CC8D3}"
EndProject
Global
	GlobalSection(SolutionConfigurationPlatforms) = preSolution
		Debug|Any CPU = Debug|Any CPU
		Release|Any CPU = Release|Any CPU
	EndGlobalSection
	GlobalSection(ProjectConfigurationPlatforms) = postSolution
		{9F4F83D0-C8DF-4DEC-A84F-563F5B6CC8D3}.Debug|Any CPU.ActiveCfg = Debug|Any CPU
		{9F4F83D0-C8DF-4DEC-A84F-563F5B6CC8D3}.Debug|Any CPU.Build.0 = Debug|Any CPU
		{9F4F83D0-C8DF-4DEC-A84F-563F5B6CC8D3}.Release|Any CPU.ActiveCfg = Release|Any CPU
		{9F4F83D0-C8DF-4DEC-A84F-563F5B6CC8D3}.Release|Any CPU.Build.0 = Release|Any CPU
	EndGlobalSection
	GlobalSection(SolutionProperties) = preSolution
		HideSolutionNode = FALSE
	EndGlobalSection
	GlobalSection(ExtensibilityGlobals) = postSolution
		SolutionGuid = {019CDB83-538F-486A-9041-F3684B4AA6E0}
	EndGlobalSection
EndGlobal
